{
  "name": "sweet-dependencies",
  "version": "1.0.4",
  "lockfileVersion": 2,
  "requires": true,
  "packages": {
    "": {
      "name": "sweet-dependencies",
      "version": "1.0.4",
      "license": "ISC",
      "dependencies": {
        "graphql": "16.0.0",
        "js-cookie": "^3.0.5",
        "lodash": "4.16.6",
        "react-numeric-input": "2.2.3",
        "react-router-dom": "6.11.1",
        "zod": "3.21.4"
      }
    },
    "node_modules/@remix-run/router": {
      "version": "1.6.1",
      "resolved": "https://registry.npmjs.org/@remix-run/router/-/router-1.6.1.tgz",
      "integrity": "sha512-YUkWj+xs0oOzBe74OgErsuR3wVn+efrFhXBWrit50kOiED+pvQe2r6MWY0iJMQU/mSVKxvNzL4ZaYvjdX+G7ZA==",
      "engines": {
        "node": ">=14"
      }
    },
    "node_modules/graphql": {
      "version": "16.0.0",
      "resolved": "https://registry.npmjs.org/graphql/-/graphql-16.0.0.tgz",
      "integrity": "sha512-n9NxoRfwnpYBZB/WJ7L166gyrShuZ8qYgVaX8oxVyELcJfAwkvwPt6WlYIl90WRlzqDjaNWvLmNOSnKs5llZWQ==",
      "engines": {
        "node": "^12.22.0 || ^14.16.0 || >=16.0.0"
      }
    },
    "node_modules/js-cookie": {
      "version": "3.0.5",
      "resolved": "https://registry.npmjs.org/js-cookie/-/js-cookie-3.0.5.tgz",
      "integrity": "sha512-cEiJEAEoIbWfCZYKWhVwFuvPX1gETRYPw6LlaTKoxD3s2AkXzkCjnp6h0V77ozyqj0jakteJ4YqDJT830+lVGw==",
      "engines": {
        "node": ">=14"
      }
    },
    "node_modules/js-tokens": {
      "version": "4.0.0",
      "resolved": "https://registry.npmjs.org/js-tokens/-/js-tokens-4.0.0.tgz",
      "integrity": "sha512-RdJUflcE3cUzKiMqQgsCu06FPu9UdIJO0beYbPhHN4k6apgJtifcoCtT9bcxOpYBtpD2kCM6Sbzg4CausW/PKQ==",
      "peer": true
    },
    "node_modules/lodash": {
      "version": "4.16.6",
      "resolved": "https://registry.npmjs.org/lodash/-/lodash-4.16.6.tgz",
      "integrity": "sha512-QXrLkYI2gXjL0QoQ9j932ca+Oh/wCUBeZULjqsJy78KjntrohXawEoOfgA2fXwy4vKh7OTD00p757/pUROtv+w=="
    },
    "node_modules/loose-envify": {
      "version": "1.4.0",
      "resolved": "https://registry.npmjs.org/loose-envify/-/loose-envify-1.4.0.tgz",
      "integrity": "sha512-lyuxPGr/Wfhrlem2CL/UcnUc1zcqKAImBDzukY7Y5F/yQiNdko6+fRLevlw1HgMySw7f611UIY408EtxRSoK3Q==",
      "peer": true,
      "dependencies": {
        "js-tokens": "^3.0.0 || ^4.0.0"
      },
      "bin": {
        "loose-envify": "cli.js"
      }
    },
    "node_modules/react": {
      "version": "18.2.0",
      "resolved": "https://registry.npmjs.org/react/-/react-18.2.0.tgz",
      "integrity": "sha512-/3IjMdb2L9QbBdWiW5e3P2/npwMBaU9mHCSCUzNln0ZCYbcfTsGbTJrU/kGemdH2IWmB2ioZ+zkxtmq6g09fGQ==",
      "peer": true,
      "dependencies": {
        "loose-envify": "^1.1.0"
      },
      "engines": {
        "node": ">=0.10.0"
      }
    },
    "node_modules/react-dom": {
      "version": "18.2.0",
      "resolved": "https://registry.npmjs.org/react-dom/-/react-dom-18.2.0.tgz",
      "integrity": "sha512-6IMTriUmvsjHUjNtEDudZfuDQUoWXVxKHhlEGSk81n4YFS+r/Kl99wXiwlVXtPBtJenozv2P+hxDsw9eA7Xo6g==",
      "peer": true,
      "dependencies": {
        "loose-envify": "^1.1.0",
        "scheduler": "^0.23.0"
      },
      "peerDependencies": {
        "react": "^18.2.0"
      }
    },
    "node_modules/react-numeric-input": {
      "version": "2.2.3",
      "resolved": "https://registry.npmjs.org/react-numeric-input/-/react-numeric-input-2.2.3.tgz",
      "integrity": "sha512-0hDXY8eznhTNMYfmeXRo/R1Fyx//ub0C/tpXbIeEaTnG72P95MGGMvJbiX5i+mnmiFVT6OCgIR33mke45nNZzQ==",
      "peerDependencies": {
        "react": ">=0.14.0 || ^15.6.1 || ^16.0.0"
      }
    },
    "node_modules/react-router": {
      "version": "6.11.1",
      "resolved": "https://registry.npmjs.org/react-router/-/react-router-6.11.1.tgz",
      "integrity": "sha512-OZINSdjJ2WgvAi7hgNLazrEV8SGn6xrKA+MkJe9wVDMZ3zQ6fdJocUjpCUCI0cNrelWjcvon0S/QK/j0NzL3KA==",
      "dependencies": {
        "@remix-run/router": "1.6.1"
      },
      "engines": {
        "node": ">=14"
      },
      "peerDependencies": {
        "react": ">=16.8"
      }
    },
    "node_modules/react-router-dom": {
      "version": "6.11.1",
      "resolved": "https://registry.npmjs.org/react-router-dom/-/react-router-dom-6.11.1.tgz",
      "integrity": "sha512-dPC2MhoPeTQ1YUOt5uIK376SMNWbwUxYRWk2ZmTT4fZfwlOvabF8uduRKKJIyfkCZvMgiF0GSCQckmkGGijIrg==",
      "dependencies": {
        "@remix-run/router": "1.6.1",
        "react-router": "6.11.1"
      },
      "engines": {
        "node": ">=14"
      },
      "peerDependencies": {
        "react": ">=16.8",
        "react-dom": ">=16.8"
      }
    },
    "node_modules/scheduler": {
      "version": "0.23.0",
      "resolved": "https://registry.npmjs.org/scheduler/-/scheduler-0.23.0.tgz",
      "integrity": "sha512-CtuThmgHNg7zIZWAXi3AsyIzA3n4xx7aNyjwC2VJldO2LMVDhFK+63xGqq6CsJH4rTAt6/M+N4GhZiDYPx9eUw==",
      "peer": true,
      "dependencies": {
        "loose-envify": "^1.1.0"
      }
    },
    "node_modules/zod": {
      "version": "3.21.4",
      "resolved": "https://registry.npmjs.org/zod/-/zod-3.21.4.tgz",
      "integrity": "sha512-m46AKbrzKVzOzs/DZgVnG5H55N1sv1M8qZU3A8RIKbs3mrACDNeIOeilDymVb2HdmP8uwshOCF4uJ8uM9rCqJw==",
      "funding": {
        "url": "https://github.com/sponsors/colinhacks"
      }
    }
  },
  "dependencies": {
    "@remix-run/router": {
      "version": "1.6.1",
      "resolved": "https://registry.npmjs.org/@remix-run/router/-/router-1.6.1.tgz",
      "integrity": "sha512-YUkWj+xs0oOzBe74OgErsuR3wVn+efrFhXBWrit50kOiED+pvQe2r6MWY0iJMQU/mSVKxvNzL4ZaYvjdX+G7ZA=="
    },
    "graphql": {
      "version": "16.0.0",
      "resolved": "https://registry.npmjs.org/graphql/-/graphql-16.0.0.tgz",
      "integrity": "sha512-n9NxoRfwnpYBZB/WJ7L166gyrShuZ8qYgVaX8oxVyELcJfAwkvwPt6WlYIl90WRlzqDjaNWvLmNOSnKs5llZWQ=="
    },
    "js-cookie": {
      "version": "3.0.5",
      "resolved": "https://registry.npmjs.org/js-cookie/-/js-cookie-3.0.5.tgz",
      "integrity": "sha512-cEiJEAEoIbWfCZYKWhVwFuvPX1gETRYPw6LlaTKoxD3s2AkXzkCjnp6h0V77ozyqj0jakteJ4YqDJT830+lVGw=="
    },
    "js-tokens": {
      "version": "4.0.0",
      "resolved": "https://registry.npmjs.org/js-tokens/-/js-tokens-4.0.0.tgz",
      "integrity": "sha512-RdJUflcE3cUzKiMqQgsCu06FPu9UdIJO0beYbPhHN4k6apgJtifcoCtT9bcxOpYBtpD2kCM6Sbzg4CausW/PKQ==",
      "peer": true
    },
    "lodash": {
      "version": "4.16.6",
      "resolved": "https://registry.npmjs.org/lodash/-/lodash-4.16.6.tgz",
      "integrity": "sha512-QXrLkYI2gXjL0QoQ9j932ca+Oh/wCUBeZULjqsJy78KjntrohXawEoOfgA2fXwy4vKh7OTD00p757/pUROtv+w=="
    },
    "loose-envify": {
      "version": "1.4.0",
      "resolved": "https://registry.npmjs.org/loose-envify/-/loose-envify-1.4.0.tgz",
      "integrity": "sha512-lyuxPGr/Wfhrlem2CL/UcnUc1zcqKAImBDzukY7Y5F/yQiNdko6+fRLevlw1HgMySw7f611UIY408EtxRSoK3Q==",
      "peer": true,
      "requires": {
        "js-tokens": "^3.0.0 || ^4.0.0"
      }
    },
    "react": {
      "version": "18.2.0",
      "resolved": "https://registry.npmjs.org/react/-/react-18.2.0.tgz",
      "integrity": "sha512-/3IjMdb2L9QbBdWiW5e3P2/npwMBaU9mHCSCUzNln0ZCYbcfTsGbTJrU/kGemdH2IWmB2ioZ+zkxtmq6g09fGQ==",
      "peer": true,
      "requires": {
        "loose-envify": "^1.1.0"
      }
    },
    "react-dom": {
      "version": "18.2.0",
      "resolved": "https://registry.npmjs.org/react-dom/-/react-dom-18.2.0.tgz",
      "integrity": "sha512-6IMTriUmvsjHUjNtEDudZfuDQUoWXVxKHhlEGSk81n4YFS+r/Kl99wXiwlVXtPBtJenozv2P+hxDsw9eA7Xo6g==",
      "peer": true,
      "requires": {
        "loose-envify": "^1.1.0",
        "scheduler": "^0.23.0"
      }
    },
    "react-numeric-input": {
      "version": "2.2.3",
      "resolved": "https://registry.npmjs.org/react-numeric-input/-/react-numeric-input-2.2.3.tgz",
      "integrity": "sha512-0hDXY8eznhTNMYfmeXRo/R1Fyx//ub0C/tpXbIeEaTnG72P95MGGMvJbiX5i+mnmiFVT6OCgIR33mke45nNZzQ==",
      "requires": {}
    },
    "react-router": {
      "version": "6.11.1",
      "resolved": "https://registry.npmjs.org/react-router/-/react-router-6.11.1.tgz",
      "integrity": "sha512-OZINSdjJ2WgvAi7hgNLazrEV8SGn6xrKA+MkJe9wVDMZ3zQ6fdJocUjpCUCI0cNrelWjcvon0S/QK/j0NzL3KA==",
      "requires": {
        "@remix-run/router": "1.6.1"
      }
    },
    "react-router-dom": {
      "version": "6.11.1",
      "resolved": "https://registry.npmjs.org/react-router-dom/-/react-router-dom-6.11.1.tgz",
      "integrity": "sha512-dPC2MhoPeTQ1YUOt5uIK376SMNWbwUxYRWk2ZmTT4fZfwlOvabF8uduRKKJIyfkCZvMgiF0GSCQckmkGGijIrg==",
      "requires": {
        "@remix-run/router": "1.6.1",
        "react-router": "6.11.1"
      }
    },
    "scheduler": {
      "version": "0.23.0",
      "resolved": "https://registry.npmjs.org/scheduler/-/scheduler-0.23.0.tgz",
      "integrity": "sha512-CtuThmgHNg7zIZWAXi3AsyIzA3n4xx7aNyjwC2VJldO2LMVDhFK+63xGqq6CsJH4rTAt6/M+N4GhZiDYPx9eUw==",
      "peer": true,
      "requires": {
        "loose-envify": "^1.1.0"
      }
    },
    "zod": {
      "version": "3.21.4",
      "resolved": "https://registry.npmjs.org/zod/-/zod-3.21.4.tgz",
      "integrity": "sha512-m46AKbrzKVzOzs/DZgVnG5H55N1sv1M8qZU3A8RIKbs3mrACDNeIOeilDymVb2HdmP8uwshOCF4uJ8uM9rCqJw=="
    }
  }
}
